
Microsoft Visual Studio Solution File, Format Version 12.00
# Visual Studio 15
VisualStudioVersion = 15.0.27703.2018
MinimumVisualStudioVersion = 10.0.40219.1
Project("{FAE04EC0-301F-11D3-BF4B-00C04F79EFBC}") = "DD_App", "DD_App\DD_App.csproj", "{9E9A4D88-CDCA-4B9D-826A-FF12F858AD20}"
EndProject
Global
	GlobalSection(SolutionConfigurationPlatforms) = preSolution
		Debug|Any CPU = Debug|Any CPU
		Release|Any CPU = Release|Any CPU
	EndGlobalSection
	GlobalSection(ProjectConfigurationPlatforms) = postSolution
		{9E9A4D88-CDCA-4B9D-826A-FF12F858AD20}.Debug|Any CPU.ActiveCfg = Debug|Any CPU
		{9E9A4D88-CDCA-4B9D-826A-FF12F858AD20}.Debug|Any CPU.Build.0 = Debug|Any CPU
		{9E9A4D88-CDCA-4B9D-826A-FF12F858AD20}.Debug|Any CPU.Deploy.0 = Debug|Any CPU
		{9E9A4D88-CDCA-4B9D-826A-FF12F858AD20}.Release|Any CPU.ActiveCfg = Release|Any CPU
		{9E9A4D88-CDCA-4B9D-826A-FF12F858AD20}.Release|Any CPU.Build.0 = Release|Any CPU
		{9E9A4D88-CDCA-4B9D-826A-FF12F858AD20}.Release|Any CPU.Deploy.0 = Release|Any CPU
	EndGlobalSection
	GlobalSection(SolutionProperties) = preSolution
		HideSolutionNode = FALSE
	EndGlobalSection
	GlobalSection(ExtensibilityGlobals) = postSolution
		SolutionGuid = {5CCB7497-CD49-47BA-B0CC-2887E0D56338}
	EndGlobalSection
EndGlobal
